dependencies:
- name: postgresql
  repository: https://charts.bitnami.com/bitnami
  version: 15.5.14
- name: valkey
  repository: https://charts.bitnami.com/bitnami
  version: 2.0.1
digest: sha256:283ac4a37bcdaa28adb6114913b92dc5488e215e3f5646165e1304b16abbb746
generated: "2024-11-01T07:54:28.056935878-05:00"
